// !$*UTF8*$!
{
	archiveVersion = 1;
	classes = {
	};
	objectVersion = 46;
	objects = {

/* Begin PBXBuildFile section */
		7336B6E2206A247D007EC946 /* Default-568h@2x.png in Resources */ = {isa = PBXBuildFile; fileRef = 7336B6E1206A247D007EC946 /* Default-568h@2x.png */; };
		733DE9E81CDDA3B00084B22A /* Tests.swift in Sources */ = {isa = PBXBuildFile; fileRef = 733DE9E71CDDA3B00084B22A /* Tests.swift */; };
		733DE9EA1CDDA3F60084B22A /* Types.swift in Sources */ = {isa = PBXBuildFile; fileRef = 733DE9E91CDDA3F60084B22A /* Types.swift */; };
		733DE9EC1CDDA6220084B22A /* README in Resources */ = {isa = PBXBuildFile; fileRef = 733DE9EB1CDDA6220084B22A /* README */; };
		73495ADF1B1C74F100BD59FE /* AppDelegate.swift in Sources */ = {isa = PBXBuildFile; fileRef = 73495ADE1B1C74F100BD59FE /* AppDelegate.swift */; };
/* End PBXBuildFile section */

/* Begin PBXFileReference section */
		7336B6E1206A247D007EC946 /* Default-568h@2x.png */ = {isa = PBXFileReference; lastKnownFileType = image.png; path = "Default-568h@2x.png"; sourceTree = "<group>"; };
		733DE9E71CDDA3B00084B22A /* Tests.swift */ = {isa = PBXFileReference; fileEncoding = 4; lastKnownFileType = sourcecode.swift; path = Tests.swift; sourceTree = "<group>"; };
		733DE9E91CDDA3F60084B22A /* Types.swift */ = {isa = PBXFileReference; fileEncoding = 4; lastKnownFileType = sourcecode.swift; path = Types.swift; sourceTree = "<group>"; };
		733DE9EB1CDDA6220084B22A /* README */ = {isa = PBXFileReference; fileEncoding = 4; lastKnownFileType = text; path = README; sourceTree = SOURCE_ROOT; };
		73495AD91B1C74F100BD59FE /* StructVsClassPerformance.app */ = {isa = PBXFileReference; explicitFileType = wrapper.application; includeInIndex = 0; path = StructVsClassPerformance.app; sourceTree = BUILT_PRODUCTS_DIR; };
		73495ADD1B1C74F100BD59FE /* Info.plist */ = {isa = PBXFileReference; lastKnownFileType = text.plist.xml; path = Info.plist; sourceTree = "<group>"; };
		73495ADE1B1C74F100BD59FE /* AppDelegate.swift */ = {isa = PBXFileReference; lastKnownFileType = sourcecode.swift; path = AppDelegate.swift; sourceTree = "<group>"; };
/* End PBXFileReference section */

/* Begin PBXFrameworksBuildPhase section */
		73495AD61B1C74F100BD59FE /* Frameworks */ = {
			isa = PBXFrameworksBuildPhase;
			buildActionMask = 2147483647;
			files = (
			);
			runOnlyForDeploymentPostprocessing = 0;
		};
/* End PBXFrameworksBuildPhase section */

/* Begin PBXGroup section */
		73495AD01B1C74F100BD59FE = {
			isa = PBXGroup;
			children = (
				7336B6E1206A247D007EC946 /* Default-568h@2x.png */,
				73495ADB1B1C74F100BD59FE /* StructVsClassPerformance */,
				73495ADA1B1C74F100BD59FE /* Products */,
			);
			sourceTree = "<group>";
		};
		73495ADA1B1C74F100BD59FE /* Products */ = {
			isa = PBXGroup;
			children = (
				73495AD91B1C74F100BD59FE /* StructVsClassPerformance.app */,
			);
			name = Products;
			sourceTree = "<group>";
		};
		73495ADB1B1C74F100BD59FE /* StructVsClassPerformance */ = {
			isa = PBXGroup;
			children = (
				733DE9EB1CDDA6220084B22A /* README */,
				73495ADE1B1C74F100BD59FE /* AppDelegate.swift */,
				733DE9E71CDDA3B00084B22A /* Tests.swift */,
				733DE9E91CDDA3F60084B22A /* Types.swift */,
				73495ADD1B1C74F100BD59FE /* Info.plist */,
			);
			path = StructVsClassPerformance;
			sourceTree = "<group>";
		};
/* End PBXGroup section */

/* Begin PBXNativeTarget section */
		73495AD81B1C74F100BD59FE /* StructVsClassPerformance */ = {
			isa = PBXNativeTarget;
			buildConfigurationList = 73495AF81B1C74F100BD59FE /* Build configuration list for PBXNativeTarget "StructVsClassPerformance" */;
			buildPhases = (
				73495AD51B1C74F100BD59FE /* Sources */,
				73495AD61B1C74F100BD59FE /* Frameworks */,
				73495AD71B1C74F100BD59FE /* Resources */,
			);
			buildRules = (
			);
			dependencies = (
			);
			name = StructVsClassPerformance;
			productName = StructVsClassPerformance;
			productReference = 73495AD91B1C74F100BD59FE /* StructVsClassPerformance.app */;
			productType = "com.apple.product-type.application";
		};
/* End PBXNativeTarget section */

/* Begin PBXProject section */
		73495AD11B1C74F100BD59FE /* Project object */ = {
			isa = PBXProject;
			attributes = {
				LastSwiftMigration = 0730;
				LastSwiftUpdateCheck = 0730;
				LastUpgradeCheck = 0920;
				ORGANIZATIONNAME = k;
				TargetAttributes = {
					73495AD81B1C74F100BD59FE = {
						CreatedOnToolsVersion = 6.3.2;
						DevelopmentTeam = HQGEN8T35Z;
					};
				};
			};
			buildConfigurationList = 73495AD41B1C74F100BD59FE /* Build configuration list for PBXProject "StructVsClassPerformance" */;
			compatibilityVersion = "Xcode 3.2";
			developmentRegion = English;
			hasScannedForEncodings = 0;
			knownRegions = (
				en,
				Base,
			);
			mainGroup = 73495AD01B1C74F100BD59FE;
			productRefGroup = 73495ADA1B1C74F100BD59FE /* Products */;
			projectDirPath = "";
			projectRoot = "";
			targets = (
				73495AD81B1C74F100BD59FE /* StructVsClassPerformance */,
			);
		};
/* End PBXProject section */

/* Begin PBXResourcesBuildPhase section */
		73495AD71B1C74F100BD59FE /* Resources */ = {
			isa = PBXResourcesBuildPhase;
			buildActionMask = 2147483647;
			files = (
				733DE9EC1CDDA6220084B22A /* README in Resources */,
				7336B6E2206A247D007EC946 /* Default-568h@2x.png in Resources */,
			);
			runOnlyForDeploymentPostprocessing = 0;
		};
/* End PBXResourcesBuildPhase section */

/* Begin PBXSourcesBuildPhase section */
		73495AD51B1C74F100BD59FE /* Sources */ = {
			isa = PBXSourcesBuildPhase;
			buildActionMask = 2147483647;
			files = (
				733DE9EA1CDDA3F60084B22A /* Types.swift in Sources */,
				733DE9E81CDDA3B00084B22A /* Tests.swift in Sources */,
				73495ADF1B1C74F100BD59FE /* AppDelegate.swift in Sources */,
			);
			runOnlyForDeploymentPostprocessing = 0;
		};
/* End PBXSourcesBuildPhase section */

/* Begin XCBuildConfiguration section */
		73495AF61B1C74F100BD59FE /* Debug */ = {
			isa = XCBuildConfiguration;
			buildSettings = {
				ALWAYS_SEARCH_USER_PATHS = NO;
				CLANG_CXX_LANGUAGE_STANDARD = "gnu++0x";
				CLANG_CXX_LIBRARY = "libc++";
				CLANG_ENABLE_MODULES = YES;
				CLANG_ENABLE_OBJC_ARC = YES;
				CLANG_WARN_BLOCK_CAPTURE_AUTORELEASING = YES;
				CLANG_WARN_BOOL_CONVERSION = YES;
				CLANG_WARN_COMMA = YES;
				CLANG_WARN_CONSTANT_CONVERSION = YES;
				CLANG_WARN_DIRECT_OBJC_ISA_USAGE = YES_ERROR;
				CLANG_WARN_EMPTY_BODY = YES;
				CLANG_WARN_ENUM_CONVERSION = YES;
				CLANG_WARN_INFINITE_RECURSION = YES;
				CLANG_WARN_INT_CONVERSION = YES;
				CLANG_WARN_NON_LITERAL_NULL_CONVERSION = YES;
				CLANG_WARN_OBJC_LITERAL_CONVERSION = YES;
				CLANG_WARN_OBJC_ROOT_CLASS = YES_ERROR;
				CLANG_WARN_RANGE_LOOP_ANALYSIS = YES;
				CLANG_WARN_STRICT_PROTOTYPES = YES;
				CLANG_WARN_SUSPICIOUS_MOVE = YES;
				CLANG_WARN_UNREACHABLE_CODE = YES;
				CLANG_WARN__DUPLICATE_METHOD_MATCH = YES;
				"CODE_SIGN_IDENTITY[sdk=iphoneos*]" = "iPhone Developer";
				COPY_PHASE_STRIP = NO;
				DEBUG_INFORMATION_FORMAT = "dwarf-with-dsym";
				ENABLE_STRICT_OBJC_MSGSEND = YES;
				ENABLE_TESTABILITY = YES;
				GCC_C_LANGUAGE_STANDARD = gnu99;
				GCC_DYNAMIC_NO_PIC = NO;
				GCC_NO_COMMON_BLOCKS = YES;
				GCC_OPTIMIZATION_LEVEL = 0;
				GCC_PREPROCESSOR_DEFINITIONS = (
					"DEBUG=1",
					"$(inherited)",
				);
				GCC_SYMBOLS_PRIVATE_EXTERN = NO;
				GCC_WARN_64_TO_32_BIT_CONVERSION = YES;
				GCC_WARN_ABOUT_RETURN_TYPE = YES_ERROR;
				GCC_WARN_UNDECLARED_SELECTOR = YES;
				GCC_WARN_UNINITIALIZED_AUTOS = YES_AGGRESSIVE;
				GCC_WARN_UNUSED_FUNCTION = YES;
				GCC_WARN_UNUSED_VARIABLE = YES;
				IPHONEOS_DEPLOYMENT_TARGET = 9.3;
				MTL_ENABLE_DEBUG_INFO = YES;
				ONLY_ACTIVE_ARCH = YES;
				SDKROOT = iphoneos;
				SWIFT_OPTIMIZATION_LEVEL = "-Onone";
				TARGETED_DEVICE_FAMILY = "1,2";
			};
			name = Debug;
		};
		73495AF71B1C74F100BD59FE /* Release */ = {
			isa = XCBuildConfiguration;
			buildSettings = {
				ALWAYS_SEARCH_USER_PATHS = NO;
				CLANG_CXX_LANGUAGE_STANDARD = "gnu++0x";
				CLANG_CXX_LIBRARY = "libc++";
				CLANG_ENABLE_MODULES = YES;
				CLANG_ENABLE_OBJC_ARC = YES;
				CLANG_WARN_BLOCK_CAPTURE_AUTORELEASING = YES;
				CLANG_WARN_BOOL_CONVERSION = YES;
				CLANG_WARN_COMMA = YES;
				CLANG_WARN_CONSTANT_CONVERSION = YES;
				CLANG_WARN_DIRECT_OBJC_ISA_USAGE = YES_ERROR;
				CLANG_WARN_EMPTY_BODY = YES;
				CLANG_WARN_ENUM_CONVERSION = YES;
				CLANG_WARN_INFINITE_RECURSION = YES;
				CLANG_WARN_INT_CONVERSION = YES;
				CLANG_WARN_NON_LITERAL_NULL_CONVERSION = YES;
				CLANG_WARN_OBJC_LITERAL_CONVERSION = YES;
				CLANG_WARN_OBJC_ROOT_CLASS = YES_ERROR;
				CLANG_WARN_RANGE_LOOP_ANALYSIS = YES;
				CLANG_WARN_STRICT_PROTOTYPES = YES;
				CLANG_WARN_SUSPICIOUS_MOVE = YES;
				CLANG_WARN_UNREACHABLE_CODE = YES;
				CLANG_WARN__DUPLICATE_METHOD_MATCH = YES;
				"CODE_SIGN_IDENTITY[sdk=iphoneos*]" = "iPhone Developer";
				COPY_PHASE_STRIP = NO;
				DEBUG_INFORMATION_FORMAT = "dwarf-with-dsym";
				ENABLE_NS_ASSERTIONS = NO;
				ENABLE_STRICT_OBJC_MSGSEND = YES;
				GCC_C_LANGUAGE_STANDARD = gnu99;
				GCC_NO_COMMON_BLOCKS = YES;
				GCC_OPTIMIZATION_LEVEL = fast;
				GCC_WARN_64_TO_32_BIT_CONVERSION = YES;
				GCC_WARN_ABOUT_RETURN_TYPE = YES_ERROR;
				GCC_WARN_UNDECLARED_SELECTOR = YES;
				GCC_WARN_UNINITIALIZED_AUTOS = YES_AGGRESSIVE;
				GCC_WARN_UNUSED_FUNCTION = YES;
				GCC_WARN_UNUSED_VARIABLE = YES;
				IPHONEOS_DEPLOYMENT_TARGET = 9.3;
				MTL_ENABLE_DEBUG_INFO = NO;
				SDKROOT = iphoneos;
				SWIFT_OPTIMIZATION_LEVEL = "-Owholemodule";
				TARGETED_DEVICE_FAMILY = "1,2";
				VALIDATE_PRODUCT = YES;
			};
			name = Release;
		};
		73495AF91B1C74F100BD59FE /* Debug */ = {
			isa = XCBuildConfiguration;
			buildSettings = {
				ASSETCATALOG_COMPILER_APPICON_NAME = AppIcon;
				DEVELOPMENT_TEAM = HQGEN8T35Z;
				INFOPLIST_FILE = StructVsClassPerformance/Info.plist;
				LD_RUNPATH_SEARCH_PATHS = "$(inherited) @executable_path/Frameworks";
				PRODUCT_BUNDLE_IDENTIFIER = "k.$(PRODUCT_NAME:rfc1034identifier)";
				PRODUCT_NAME = "$(TARGET_NAME)";
				SWIFT_VERSION = 4.0;
			};
			name = Debug;
		};
		73495AFA1B1C74F100BD59FE /* Release */ = {
			isa = XCBuildConfiguration;
			buildSettings = {
				ASSETCATALOG_COMPILER_APPICON_NAME = AppIcon;
				DEVELOPMENT_TEAM = HQGEN8T35Z;
				INFOPLIST_FILE = StructVsClassPerformance/Info.plist;
				LD_RUNPATH_SEARCH_PATHS = "$(inherited) @executable_path/Frameworks";
				PRODUCT_BUNDLE_IDENTIFIER = "k.$(PRODUCT_NAME:rfc1034identifier)";
				PRODUCT_NAME = "$(TARGET_NAME)";
				SWIFT_VERSION = 4.0;
			};
			name = Release;
		};
/* End XCBuildConfiguration section */

/* Begin XCConfigurationList section */
		73495AD41B1C74F100BD59FE /* Build configuration list for PBXProject "StructVsClassPerformance" */ = {
			isa = XCConfigurationList;
			buildConfigurations = (
				73495AF61B1C74F100BD59FE /* Debug */,
				73495AF71B1C74F100BD59FE /* Release */,
			);
			defaultConfigurationIsVisible = 0;
			defaultConfigurationName = Release;
		};
		73495AF81B1C74F100BD59FE /* Build configuration list for PBXNativeTarget "StructVsClassPerformance" */ = {
			isa = XCConfigurationList;
			buildConfigurations = (
				73495AF91B1C74F100BD59FE /* Debug */,
				73495AFA1B1C74F100BD59FE /* Release */,
			);
			defaultConfigurationIsVisible = 0;
			defaultConfigurationName = Release;
		};
/* End XCConfigurationList section */
	};
	rootObject = 73495AD11B1C74F100BD59FE /* Project object */;
}
